PODS:
  - FBSnapshotTestCase/Core (2.1.0)
  - OCMock (3.3)
  - UIImageView-AGCInitials (0.0.1)

DEPENDENCIES:
  - FBSnapshotTestCase/Core
  - OCMock
  - UIImageView-AGCInitials (from `../`)

EXTERNAL SOURCES:
  UIImageView-AGCInitials:
    :path: "../"

SPEC CHECKSUMS:
  FBSnapshotTestCase: 366ecd378511d7716c79991cd8067d1eed23578d
  OCMock: d68685bde31f69cb61d518dcb39269080c78b5ed
  UIImageView-AGCInitials: aefdc6efe445fb6007fbbedc10e0469edf5e8b4e

COCOAPODS: 0.39.0.beta.3
