<?xml version="1.0" encoding="UTF-8"?>
<!DOCTYPE plist PUBLIC "-//Apple//DTD PLIST 1.0//EN" "http://www.apple.com/DTDs/PropertyList-1.0.dtd">
<plist version="1.0">
<dict>
	<key>archiveVersion</key>
	<string>1</string>
	<key>classes</key>
	<dict/>
	<key>objectVersion</key>
	<string>46</string>
	<key>objects</key>
	<dict>
		<key>0EC7A55C7A8542B105317FD0</key>
		<dict>
			<key>children</key>
			<array>
				<string>F2E6346E5FB9CB478C220AD9</string>
			</array>
			<key>isa</key>
			<string>PBXGroup</string>
			<key>name</key>
			<string>Frameworks</string>
			<key>sourceTree</key>
			<string>&lt;group&gt;</string>
		</dict>
		<key>1703E456ED4C1AD88A7E0865</key>
		<dict>
			<key>buildActionMask</key>
			<string>2147483647</string>
			<key>files</key>
			<array/>
			<key>inputPaths</key>
			<array/>
			<key>isa</key>
			<string>PBXShellScriptBuildPhase</string>
			<key>name</key>
			<string>Copy Pods Resources</string>
			<key>outputPaths</key>
			<array/>
			<key>runOnlyForDeploymentPostprocessing</key>
			<string>0</string>
			<key>shellPath</key>
			<string>/bin/sh</string>
			<key>shellScript</key>
			<string>"${SRCROOT}/Pods/Target Support Files/Pods-AGCInitialsTests/Pods-AGCInitialsTests-resources.sh"
</string>
			<key>showEnvVarsInLog</key>
			<string>0</string>
		</dict>
		<key>28EAC2CDE97B6712A192B674</key>
		<dict>
			<key>includeInIndex</key>
			<string>1</string>
			<key>isa</key>
			<string>PBXFileReference</string>
			<key>lastKnownFileType</key>
			<string>text.xcconfig</string>
			<key>name</key>
			<string>Pods-AGCInitialsTests.release.xcconfig</string>
			<key>path</key>
			<string>Pods/Target Support Files/Pods-AGCInitialsTests/Pods-AGCInitialsTests.release.xcconfig</string>
			<key>sourceTree</key>
			<string>&lt;group&gt;</string>
		</dict>
		<key>477C59E43B43198EF2FE2BD7</key>
		<dict>
			<key>buildActionMask</key>
			<string>2147483647</string>
			<key>files</key>
			<array/>
			<key>inputPaths</key>
			<array/>
			<key>isa</key>
			<string>PBXShellScriptBuildPhase</string>
			<key>name</key>
			<string>Check Pods Manifest.lock</string>
			<key>outputPaths</key>
			<array/>
			<key>runOnlyForDeploymentPostprocessing</key>
			<string>0</string>
			<key>shellPath</key>
			<string>/bin/sh</string>
			<key>shellScript</key>
			<string>diff "${PODS_ROOT}/../Podfile.lock" "${PODS_ROOT}/Manifest.lock" &gt; /dev/null
if [[ $? != 0 ]] ; then
    cat &lt;&lt; EOM
error: The sandbox is not in sync with the Podfile.lock. Run 'pod install' or update your CocoaPods installation.
EOM
    exit 1
fi
</string>
			<key>showEnvVarsInLog</key>
			<string>0</string>
		</dict>
		<key>70832C5FA79791E7EA65CB49</key>
		<dict>
			<key>fileRef</key>
			<string>F2E6346E5FB9CB478C220AD9</string>
			<key>isa</key>
			<string>PBXBuildFile</string>
		</dict>
		<key>86A44CFF1CB657BC0004A558</key>
		<dict>
			<key>children</key>
			<array>
				<string>86A44D0A1CB657BC0004A558</string>
				<string>86A44D241CB657BD0004A558</string>
				<string>0EC7A55C7A8542B105317FD0</string>
				<string>DC4521872FAE0C6FF125FBFA</string>
				<string>86A44D091CB657BC0004A558</string>
				<string>86A44D301CB658C20004A558</string>
			</array>
			<key>isa</key>
			<string>PBXGroup</string>
			<key>sourceTree</key>
			<string>&lt;group&gt;</string>
		</dict>
		<key>86A44D001CB657BC0004A558</key>
		<dict>
			<key>attributes</key>
			<dict>
				<key>LastUpgradeCheck</key>
				<string>0730</string>
				<key>TargetAttributes</key>
				<dict>
					<key>86A44D071CB657BC0004A558</key>
					<dict>
						<key>CreatedOnToolsVersion</key>
						<string>7.3</string>
					</dict>
					<key>86A44D201CB657BD0004A558</key>
					<dict>
						<key>CreatedOnToolsVersion</key>
						<string>7.3</string>
						<key>TestTargetID</key>
						<string>86A44D071CB657BC0004A558</string>
					</dict>
				</dict>
			</dict>
			<key>buildConfigurationList</key>
			<string>86A44D031CB657BC0004A558</string>
			<key>compatibilityVersion</key>
			<string>Xcode 3.2</string>
			<key>developmentRegion</key>
			<string>English</string>
			<key>hasScannedForEncodings</key>
			<string>0</string>
			<key>isa</key>
			<string>PBXProject</string>
			<key>knownRegions</key>
			<array>
				<string>en</string>
				<string>Base</string>
			</array>
			<key>mainGroup</key>
			<string>86A44CFF1CB657BC0004A558</string>
			<key>productRefGroup</key>
			<string>86A44D091CB657BC0004A558</string>
			<key>projectDirPath</key>
			<string></string>
			<key>projectReferences</key>
			<array/>
			<key>projectRoot</key>
			<string></string>
			<key>targets</key>
			<array>
				<string>86A44D071CB657BC0004A558</string>
				<string>86A44D201CB657BD0004A558</string>
			</array>
		</dict>
		<key>86A44D031CB657BC0004A558</key>
		<dict>
			<key>buildConfigurations</key>
			<array>
				<string>86A44D281CB657BD0004A558</string>
				<string>86A44D291CB657BD0004A558</string>
			</array>
			<key>defaultConfigurationIsVisible</key>
			<string>0</string>
			<key>defaultConfigurationName</key>
			<string>Release</string>
			<key>isa</key>
			<string>XCConfigurationList</string>
		</dict>
		<key>86A44D041CB657BC0004A558</key>
		<dict>
			<key>buildActionMask</key>
			<string>2147483647</string>
			<key>files</key>
			<array>
				<string>86A44D131CB657BC0004A558</string>
				<string>86E012B61CBCEF26004750E4</string>
				<string>86EAFC141CB6955400C56FD8</string>
				<string>86A44D101CB657BC0004A558</string>
				<string>86A44D0D1CB657BC0004A558</string>
				<string>86A44D331CB658EF0004A558</string>
				<string>86CC655D1CBB8BF200CA9F02</string>
			</array>
			<key>isa</key>
			<string>PBXSourcesBuildPhase</string>
			<key>runOnlyForDeploymentPostprocessing</key>
			<string>0</string>
		</dict>
		<key>86A44D051CB657BC0004A558</key>
		<dict>
			<key>buildActionMask</key>
			<string>2147483647</string>
			<key>files</key>
			<array/>
			<key>isa</key>
			<string>PBXFrameworksBuildPhase</string>
			<key>runOnlyForDeploymentPostprocessing</key>
			<string>0</string>
		</dict>
		<key>86A44D061CB657BC0004A558</key>
		<dict>
			<key>buildActionMask</key>
			<string>2147483647</string>
			<key>files</key>
			<array>
				<string>86A44D1B1CB657BC0004A558</string>
				<string>86A44D181CB657BC0004A558</string>
				<string>86A44D161CB657BC0004A558</string>
			</array>
			<key>isa</key>
			<string>PBXResourcesBuildPhase</string>
			<key>runOnlyForDeploymentPostprocessing</key>
			<string>0</string>
		</dict>
		<key>86A44D071CB657BC0004A558</key>
		<dict>
			<key>buildConfigurationList</key>
			<string>86A44D2A1CB657BD0004A558</string>
			<key>buildPhases</key>
			<array>
				<string>86A44D041CB657BC0004A558</string>
				<string>86A44D051CB657BC0004A558</string>
				<string>86A44D061CB657BC0004A558</string>
			</array>
			<key>buildRules</key>
			<array/>
			<key>dependencies</key>
			<array/>
			<key>isa</key>
			<string>PBXNativeTarget</string>
			<key>name</key>
			<string>AGCInitials</string>
			<key>productName</key>
			<string>ACGInitialsExample</string>
			<key>productReference</key>
			<string>86A44D081CB657BC0004A558</string>
			<key>productType</key>
			<string>com.apple.product-type.application</string>
		</dict>
		<key>86A44D081CB657BC0004A558</key>
		<dict>
			<key>explicitFileType</key>
			<string>wrapper.application</string>
			<key>includeInIndex</key>
			<string>0</string>
			<key>isa</key>
			<string>PBXFileReference</string>
			<key>path</key>
			<string>AGCInitials.app</string>
			<key>sourceTree</key>
			<string>BUILT_PRODUCTS_DIR</string>
		</dict>
		<key>86A44D091CB657BC0004A558</key>
		<dict>
			<key>children</key>
			<array>
				<string>86A44D081CB657BC0004A558</string>
				<string>86A44D211CB657BD0004A558</string>
			</array>
			<key>isa</key>
			<string>PBXGroup</string>
			<key>name</key>
			<string>Products</string>
			<key>sourceTree</key>
			<string>&lt;group&gt;</string>
		</dict>
		<key>86A44D0A1CB657BC0004A558</key>
		<dict>
			<key>children</key>
			<array>
				<string>86A44D0B1CB657BC0004A558</string>
				<string>86CC655B1CBB8BF200CA9F02</string>
				<string>86CC655C1CBB8BF200CA9F02</string>
				<string>86A44D111CB657BC0004A558</string>
				<string>86A44D121CB657BC0004A558</string>
				<string>86E012B41CBCEF26004750E4</string>
				<string>86E012B51CBCEF26004750E4</string>
				<string>86A44D0E1CB657BC0004A558</string>
				<string>86A44D0F1CB657BC0004A558</string>
				<string>86A44D171CB657BC0004A558</string>
				<string>86A44D1C1CB657BC0004A558</string>
				<string>86A44D191CB657BC0004A558</string>
				<string>86A44D141CB657BC0004A558</string>
			</array>
			<key>isa</key>
			<string>PBXGroup</string>
			<key>path</key>
			<string>AGCInitialsExample</string>
			<key>sourceTree</key>
			<string>&lt;group&gt;</string>
		</dict>
		<key>86A44D0B1CB657BC0004A558</key>
		<dict>
			<key>children</key>
			<array>
				<string>86A44D0C1CB657BC0004A558</string>
			</array>
			<key>isa</key>
			<string>PBXGroup</string>
			<key>path</key>
			<string>Supporting Files</string>
			<key>sourceTree</key>
			<string>&lt;group&gt;</string>
		</dict>
		<key>86A44D0C1CB657BC0004A558</key>
		<dict>
			<key>isa</key>
			<string>PBXFileReference</string>
			<key>lastKnownFileType</key>
			<string>sourcecode.c.objc</string>
			<key>path</key>
			<string>main.m</string>
			<key>sourceTree</key>
			<string>&lt;group&gt;</string>
		</dict>
		<key>86A44D0D1CB657BC0004A558</key>
		<dict>
			<key>fileRef</key>
			<string>86A44D0C1CB657BC0004A558</string>
			<key>isa</key>
			<string>PBXBuildFile</string>
		</dict>
		<key>86A44D0E1CB657BC0004A558</key>
		<dict>
			<key>isa</key>
			<string>PBXFileReference</string>
			<key>lastKnownFileType</key>
			<string>sourcecode.c.h</string>
			<key>path</key>
			<string>AppDelegate.h</string>
			<key>sourceTree</key>
			<string>&lt;group&gt;</string>
		</dict>
		<key>86A44D0F1CB657BC0004A558</key>
		<dict>
			<key>isa</key>
			<string>PBXFileReference</string>
			<key>lastKnownFileType</key>
			<string>sourcecode.c.objc</string>
			<key>path</key>
			<string>AppDelegate.m</string>
			<key>sourceTree</key>
			<string>&lt;group&gt;</string>
		</dict>
		<key>86A44D101CB657BC0004A558</key>
		<dict>
			<key>fileRef</key>
			<string>86A44D0F1CB657BC0004A558</string>
			<key>isa</key>
			<string>PBXBuildFile</string>
		</dict>
		<key>86A44D111CB657BC0004A558</key>
		<dict>
			<key>isa</key>
			<string>PBXFileReference</string>
			<key>lastKnownFileType</key>
			<string>sourcecode.c.h</string>
			<key>path</key>
			<string>AGCInitialsExampleViewController.h</string>
			<key>sourceTree</key>
			<string>&lt;group&gt;</string>
		</dict>
		<key>86A44D121CB657BC0004A558</key>
		<dict>
			<key>isa</key>
			<string>PBXFileReference</string>
			<key>lastKnownFileType</key>
			<string>sourcecode.c.objc</string>
			<key>path</key>
			<string>AGCInitialsExampleViewController.m</string>
			<key>sourceTree</key>
			<string>&lt;group&gt;</string>
		</dict>
		<key>86A44D131CB657BC0004A558</key>
		<dict>
			<key>fileRef</key>
			<string>86A44D121CB657BC0004A558</string>
			<key>isa</key>
			<string>PBXBuildFile</string>
		</dict>
		<key>86A44D141CB657BC0004A558</key>
		<dict>
			<key>children</key>
			<array>
				<string>86A44D151CB657BC0004A558</string>
			</array>
			<key>isa</key>
			<string>PBXVariantGroup</string>
			<key>name</key>
			<string>Main.storyboard</string>
			<key>path</key>
			<string>.</string>
			<key>sourceTree</key>
			<string>&lt;group&gt;</string>
		</dict>
		<key>86A44D151CB657BC0004A558</key>
		<dict>
			<key>isa</key>
			<string>PBXFileReference</string>
			<key>lastKnownFileType</key>
			<string>file.storyboard</string>
			<key>name</key>
			<string>Base</string>
			<key>path</key>
			<string>Base.lproj/Main.storyboard</string>
			<key>sourceTree</key>
			<string>&lt;group&gt;</string>
		</dict>
		<key>86A44D161CB657BC0004A558</key>
		<dict>
			<key>fileRef</key>
			<string>86A44D141CB657BC0004A558</string>
			<key>isa</key>
			<string>PBXBuildFile</string>
		</dict>
		<key>86A44D171CB657BC0004A558</key>
		<dict>
			<key>isa</key>
			<string>PBXFileReference</string>
			<key>lastKnownFileType</key>
			<string>folder.assetcatalog</string>
			<key>path</key>
			<string>Assets.xcassets</string>
			<key>sourceTree</key>
			<string>&lt;group&gt;</string>
		</dict>
		<key>86A44D181CB657BC0004A558</key>
		<dict>
			<key>fileRef</key>
			<string>86A44D171CB657BC0004A558</string>
			<key>isa</key>
			<string>PBXBuildFile</string>
		</dict>
		<key>86A44D191CB657BC0004A558</key>
		<dict>
			<key>children</key>
			<array>
				<string>86A44D1A1CB657BC0004A558</string>
			</array>
			<key>isa</key>
			<string>PBXVariantGroup</string>
			<key>name</key>
			<string>LaunchScreen.storyboard</string>
			<key>path</key>
			<string>.</string>
			<key>sourceTree</key>
			<string>&lt;group&gt;</string>
		</dict>
		<key>86A44D1A1CB657BC0004A558</key>
		<dict>
			<key>isa</key>
			<string>PBXFileReference</string>
			<key>lastKnownFileType</key>
			<string>file.storyboard</string>
			<key>name</key>
			<string>Base</string>
			<key>path</key>
			<string>Base.lproj/LaunchScreen.storyboard</string>
			<key>sourceTree</key>
			<string>&lt;group&gt;</string>
		</dict>
		<key>86A44D1B1CB657BC0004A558</key>
		<dict>
			<key>fileRef</key>
			<string>86A44D191CB657BC0004A558</string>
			<key>isa</key>
			<string>PBXBuildFile</string>
		</dict>
		<key>86A44D1C1CB657BC0004A558</key>
		<dict>
			<key>isa</key>
			<string>PBXFileReference</string>
			<key>lastKnownFileType</key>
			<string>text.plist.xml</string>
			<key>path</key>
			<string>Info.plist</string>
			<key>sourceTree</key>
			<string>&lt;group&gt;</string>
		</dict>
		<key>86A44D1D1CB657BD0004A558</key>
		<dict>
			<key>buildActionMask</key>
			<string>2147483647</string>
			<key>files</key>
			<array>
				<string>86EAFC161CB6974A00C56FD8</string>
				<string>86A44D261CB657BD0004A558</string>
			</array>
			<key>isa</key>
			<string>PBXSourcesBuildPhase</string>
			<key>runOnlyForDeploymentPostprocessing</key>
			<string>0</string>
		</dict>
		<key>86A44D1E1CB657BD0004A558</key>
		<dict>
			<key>buildActionMask</key>
			<string>2147483647</string>
			<key>files</key>
			<array>
				<string>70832C5FA79791E7EA65CB49</string>
			</array>
			<key>isa</key>
			<string>PBXFrameworksBuildPhase</string>
			<key>runOnlyForDeploymentPostprocessing</key>
			<string>0</string>
		</dict>
		<key>86A44D1F1CB657BD0004A558</key>
		<dict>
			<key>buildActionMask</key>
			<string>2147483647</string>
			<key>files</key>
			<array>
				<string>86C64CB11CBE6B3100D6EBEF</string>
				<string>86C64CAA1CBE62D100D6EBEF</string>
			</array>
			<key>isa</key>
			<string>PBXResourcesBuildPhase</string>
			<key>runOnlyForDeploymentPostprocessing</key>
			<string>0</string>
		</dict>
		<key>86A44D201CB657BD0004A558</key>
		<dict>
			<key>buildConfigurationList</key>
			<string>86A44D2D1CB657BD0004A558</string>
			<key>buildPhases</key>
			<array>
				<string>477C59E43B43198EF2FE2BD7</string>
				<string>86A44D1D1CB657BD0004A558</string>
				<string>86A44D1E1CB657BD0004A558</string>
				<string>86A44D1F1CB657BD0004A558</string>
				<string>B3BC08CE3949FD27CA4A2CFE</string>
				<string>1703E456ED4C1AD88A7E0865</string>
			</array>
			<key>buildRules</key>
			<array/>
			<key>dependencies</key>
			<array>
				<string>86A44D231CB657BD0004A558</string>
			</array>
			<key>isa</key>
			<string>PBXNativeTarget</string>
			<key>name</key>
			<string>AGCInitialsTests</string>
			<key>productName</key>
			<string>ACGInitialsExampleTests</string>
			<key>productReference</key>
			<string>86A44D211CB657BD0004A558</string>
			<key>productType</key>
			<string>com.apple.product-type.bundle.unit-test</string>
		</dict>
		<key>86A44D211CB657BD0004A558</key>
		<dict>
			<key>explicitFileType</key>
			<string>wrapper.cfbundle</string>
			<key>includeInIndex</key>
			<string>0</string>
			<key>isa</key>
			<string>PBXFileReference</string>
			<key>path</key>
			<string>AGCInitials.xctest</string>
			<key>sourceTree</key>
			<string>BUILT_PRODUCTS_DIR</string>
		</dict>
		<key>86A44D221CB657BD0004A558</key>
		<dict>
			<key>containerPortal</key>
			<string>86A44D001CB657BC0004A558</string>
			<key>isa</key>
			<string>PBXContainerItemProxy</string>
			<key>proxyType</key>
			<string>1</string>
			<key>remoteGlobalIDString</key>
			<string>86A44D071CB657BC0004A558</string>
			<key>remoteInfo</key>
			<string>ACGInitialsExample</string>
		</dict>
		<key>86A44D231CB657BD0004A558</key>
		<dict>
			<key>isa</key>
			<string>PBXTargetDependency</string>
			<key>target</key>
			<string>86A44D071CB657BC0004A558</string>
			<key>targetProxy</key>
			<string>86A44D221CB657BD0004A558</string>
		</dict>
		<key>86A44D241CB657BD0004A558</key>
		<dict>
			<key>children</key>
			<array>
				<string>86C64CA71CBE62C800D6EBEF</string>
				<string>86EAFC151CB6974A00C56FD8</string>
				<string>86A44D251CB657BD0004A558</string>
				<string>86A44D271CB657BD0004A558</string>
			</array>
			<key>isa</key>
			<string>PBXGroup</string>
			<key>path</key>
			<string>AGCInitialsTests</string>
			<key>sourceTree</key>
			<string>&lt;group&gt;</string>
		</dict>
		<key>86A44D251CB657BD0004A558</key>
		<dict>
			<key>isa</key>
			<string>PBXFileReference</string>
			<key>lastKnownFileType</key>
			<string>sourcecode.c.objc</string>
			<key>path</key>
			<string>AGCInitialsTests.m</string>
			<key>sourceTree</key>
			<string>&lt;group&gt;</string>
		</dict>
		<key>86A44D261CB657BD0004A558</key>
		<dict>
			<key>fileRef</key>
			<string>86A44D251CB657BD0004A558</string>
			<key>isa</key>
			<string>PBXBuildFile</string>
		</dict>
		<key>86A44D271CB657BD0004A558</key>
		<dict>
			<key>isa</key>
			<string>PBXFileReference</string>
			<key>lastKnownFileType</key>
			<string>text.plist.xml</string>
			<key>path</key>
			<string>Info.plist</string>
			<key>sourceTree</key>
			<string>&lt;group&gt;</string>
		</dict>
		<key>86A44D281CB657BD0004A558</key>
		<dict>
			<key>buildSettings</key>
			<dict>
				<key>ALWAYS_SEARCH_USER_PATHS</key>
				<string>NO</string>
				<key>CLANG_ANALYZER_NONNULL</key>
				<string>YES</string>
				<key>CLANG_CXX_LANGUAGE_STANDARD</key>
				<string>gnu++0x</string>
				<key>CLANG_CXX_LIBRARY</key>
				<string>libc++</string>
				<key>CLANG_ENABLE_MODULES</key>
				<string>YES</string>
				<key>CLANG_ENABLE_OBJC_ARC</key>
				<string>YES</string>
				<key>CLANG_WARN_BOOL_CONVERSION</key>
				<string>YES</string>
				<key>CLANG_WARN_CONSTANT_CONVERSION</key>
				<string>YES</string>
				<key>CLANG_WARN_DIRECT_OBJC_ISA_USAGE</key>
				<string>YES_ERROR</string>
				<key>CLANG_WARN_EMPTY_BODY</key>
				<string>YES</string>
				<key>CLANG_WARN_ENUM_CONVERSION</key>
				<string>YES</string>
				<key>CLANG_WARN_INT_CONVERSION</key>
				<string>YES</string>
				<key>CLANG_WARN_OBJC_ROOT_CLASS</key>
				<string>YES_ERROR</string>
				<key>CLANG_WARN_UNREACHABLE_CODE</key>
				<string>YES</string>
				<key>CLANG_WARN__DUPLICATE_METHOD_MATCH</key>
				<string>YES</string>
				<key>CODE_SIGN_IDENTITY[sdk=iphoneos*]</key>
				<string>iPhone Developer</string>
				<key>COPY_PHASE_STRIP</key>
				<string>NO</string>
				<key>DEBUG_INFORMATION_FORMAT</key>
				<string>dwarf</string>
				<key>ENABLE_STRICT_OBJC_MSGSEND</key>
				<string>YES</string>
				<key>ENABLE_TESTABILITY</key>
				<string>YES</string>
				<key>GCC_C_LANGUAGE_STANDARD</key>
				<string>gnu99</string>
				<key>GCC_DYNAMIC_NO_PIC</key>
				<string>NO</string>
				<key>GCC_NO_COMMON_BLOCKS</key>
				<string>YES</string>
				<key>GCC_OPTIMIZATION_LEVEL</key>
				<string>0</string>
				<key>GCC_PREPROCESSOR_DEFINITIONS</key>
				<array>
					<string>DEBUG=1</string>
					<string>$(inherited)</string>
				</array>
				<key>GCC_WARN_64_TO_32_BIT_CONVERSION</key>
				<string>YES</string>
				<key>GCC_WARN_ABOUT_RETURN_TYPE</key>
				<string>YES_ERROR</string>
				<key>GCC_WARN_UNDECLARED_SELECTOR</key>
				<string>YES</string>
				<key>GCC_WARN_UNINITIALIZED_AUTOS</key>
				<string>YES_AGGRESSIVE</string>
				<key>GCC_WARN_UNUSED_FUNCTION</key>
				<string>YES</string>
				<key>GCC_WARN_UNUSED_VARIABLE</key>
				<string>YES</string>
				<key>IPHONEOS_DEPLOYMENT_TARGET</key>
				<string>9.3</string>
				<key>MTL_ENABLE_DEBUG_INFO</key>
				<string>YES</string>
				<key>ONLY_ACTIVE_ARCH</key>
				<string>YES</string>
				<key>SDKROOT</key>
				<string>iphoneos</string>
			</dict>
			<key>isa</key>
			<string>XCBuildConfiguration</string>
			<key>name</key>
			<string>Debug</string>
		</dict>
		<key>86A44D291CB657BD0004A558</key>
		<dict>
			<key>buildSettings</key>
			<dict>
				<key>ALWAYS_SEARCH_USER_PATHS</key>
				<string>NO</string>
				<key>CLANG_ANALYZER_NONNULL</key>
				<string>YES</string>
				<key>CLANG_CXX_LANGUAGE_STANDARD</key>
				<string>gnu++0x</string>
				<key>CLANG_CXX_LIBRARY</key>
				<string>libc++</string>
				<key>CLANG_ENABLE_MODULES</key>
				<string>YES</string>
				<key>CLANG_ENABLE_OBJC_ARC</key>
				<string>YES</string>
				<key>CLANG_WARN_BOOL_CONVERSION</key>
				<string>YES</string>
				<key>CLANG_WARN_CONSTANT_CONVERSION</key>
				<string>YES</string>
				<key>CLANG_WARN_DIRECT_OBJC_ISA_USAGE</key>
				<string>YES_ERROR</string>
				<key>CLANG_WARN_EMPTY_BODY</key>
				<string>YES</string>
				<key>CLANG_WARN_ENUM_CONVERSION</key>
				<string>YES</string>
				<key>CLANG_WARN_INT_CONVERSION</key>
				<string>YES</string>
				<key>CLANG_WARN_OBJC_ROOT_CLASS</key>
				<string>YES_ERROR</string>
				<key>CLANG_WARN_UNREACHABLE_CODE</key>
				<string>YES</string>
				<key>CLANG_WARN__DUPLICATE_METHOD_MATCH</key>
				<string>YES</string>
				<key>CODE_SIGN_IDENTITY[sdk=iphoneos*]</key>
				<string>iPhone Developer</string>
				<key>COPY_PHASE_STRIP</key>
				<string>NO</string>
				<key>DEBUG_INFORMATION_FORMAT</key>
				<string>dwarf-with-dsym</string>
				<key>ENABLE_NS_ASSERTIONS</key>
				<string>NO</string>
				<key>ENABLE_STRICT_OBJC_MSGSEND</key>
				<string>YES</string>
				<key>GCC_C_LANGUAGE_STANDARD</key>
				<string>gnu99</string>
				<key>GCC_NO_COMMON_BLOCKS</key>
				<string>YES</string>
				<key>GCC_WARN_64_TO_32_BIT_CONVERSION</key>
				<string>YES</string>
				<key>GCC_WARN_ABOUT_RETURN_TYPE</key>
				<string>YES_ERROR</string>
				<key>GCC_WARN_UNDECLARED_SELECTOR</key>
				<string>YES</string>
				<key>GCC_WARN_UNINITIALIZED_AUTOS</key>
				<string>YES_AGGRESSIVE</string>
				<key>GCC_WARN_UNUSED_FUNCTION</key>
				<string>YES</string>
				<key>GCC_WARN_UNUSED_VARIABLE</key>
				<string>YES</string>
				<key>IPHONEOS_DEPLOYMENT_TARGET</key>
				<string>9.3</string>
				<key>MTL_ENABLE_DEBUG_INFO</key>
				<string>NO</string>
				<key>SDKROOT</key>
				<string>iphoneos</string>
				<key>VALIDATE_PRODUCT</key>
				<string>YES</string>
			</dict>
			<key>isa</key>
			<string>XCBuildConfiguration</string>
			<key>name</key>
			<string>Release</string>
		</dict>
		<key>86A44D2A1CB657BD0004A558</key>
		<dict>
			<key>buildConfigurations</key>
			<array>
				<string>86A44D2B1CB657BD0004A558</string>
				<string>86A44D2C1CB657BD0004A558</string>
			</array>
			<key>defaultConfigurationIsVisible</key>
			<string>0</string>
			<key>defaultConfigurationName</key>
			<string>Release</string>
			<key>isa</key>
			<string>XCConfigurationList</string>
		</dict>
		<key>86A44D2B1CB657BD0004A558</key>
		<dict>
			<key>buildSettings</key>
			<dict>
				<key>ASSETCATALOG_COMPILER_APPICON_NAME</key>
				<string>AppIcon</string>
				<key>INFOPLIST_FILE</key>
				<string>AGCInitialsExample/Info.plist</string>
				<key>LD_RUNPATH_SEARCH_PATHS</key>
				<string>$(inherited) @executable_path/Frameworks</string>
				<key>PRODUCT_BUNDLE_IDENTIFIER</key>
				<string>com.agc.AGCInitialsExample</string>
				<key>PRODUCT_NAME</key>
				<string>AGCInitials</string>
			</dict>
			<key>isa</key>
			<string>XCBuildConfiguration</string>
			<key>name</key>
			<string>Debug</string>
		</dict>
		<key>86A44D2C1CB657BD0004A558</key>
		<dict>
			<key>buildSettings</key>
			<dict>
				<key>ASSETCATALOG_COMPILER_APPICON_NAME</key>
				<string>AppIcon</string>
				<key>INFOPLIST_FILE</key>
				<string>AGCInitialsExample/Info.plist</string>
				<key>LD_RUNPATH_SEARCH_PATHS</key>
				<string>$(inherited) @executable_path/Frameworks</string>
				<key>PRODUCT_BUNDLE_IDENTIFIER</key>
				<string>com.agc.AGCInitialsExample</string>
				<key>PRODUCT_NAME</key>
				<string>AGCInitials</string>
			</dict>
			<key>isa</key>
			<string>XCBuildConfiguration</string>
			<key>name</key>
			<string>Release</string>
		</dict>
		<key>86A44D2D1CB657BD0004A558</key>
		<dict>
			<key>buildConfigurations</key>
			<array>
				<string>86A44D2E1CB657BD0004A558</string>
				<string>86A44D2F1CB657BD0004A558</string>
			</array>
			<key>defaultConfigurationIsVisible</key>
			<string>0</string>
			<key>defaultConfigurationName</key>
			<string>Release</string>
			<key>isa</key>
			<string>XCConfigurationList</string>
		</dict>
		<key>86A44D2E1CB657BD0004A558</key>
		<dict>
			<key>baseConfigurationReference</key>
			<string>99D15A3D1FC19E5A3CA280DF</string>
			<key>buildSettings</key>
			<dict>
				<key>BUNDLE_LOADER</key>
				<string>$(TEST_HOST)</string>
				<key>INFOPLIST_FILE</key>
				<string>AGCInitialsTests/Info.plist</string>
				<key>LD_RUNPATH_SEARCH_PATHS</key>
				<string>$(inherited) @executable_path/Frameworks @loader_path/Frameworks</string>
				<key>PRODUCT_BUNDLE_IDENTIFIER</key>
				<string>com.agc.AGCInitialsExampleTests</string>
				<key>PRODUCT_NAME</key>
				<string>AGCInitials</string>
				<key>TEST_HOST</key>
				<string>$(BUILT_PRODUCTS_DIR)/AGCInitials.app/AGCInitials</string>
			</dict>
			<key>isa</key>
			<string>XCBuildConfiguration</string>
			<key>name</key>
			<string>Debug</string>
		</dict>
		<key>86A44D2F1CB657BD0004A558</key>
		<dict>
			<key>baseConfigurationReference</key>
			<string>28EAC2CDE97B6712A192B674</string>
			<key>buildSettings</key>
			<dict>
				<key>BUNDLE_LOADER</key>
				<string>$(TEST_HOST)</string>
				<key>INFOPLIST_FILE</key>
				<string>AGCInitialsTests/Info.plist</string>
				<key>LD_RUNPATH_SEARCH_PATHS</key>
				<string>$(inherited) @executable_path/Frameworks @loader_path/Frameworks</string>
				<key>PRODUCT_BUNDLE_IDENTIFIER</key>
				<string>com.agc.AGCInitialsExampleTests</string>
				<key>PRODUCT_NAME</key>
				<string>AGCInitials</string>
				<key>TEST_HOST</key>
				<string>$(BUILT_PRODUCTS_DIR)/AGCInitials.app/AGCInitials</string>
			</dict>
			<key>isa</key>
			<string>XCBuildConfiguration</string>
			<key>name</key>
			<string>Release</string>
		</dict>
		<key>86A44D301CB658C20004A558</key>
		<dict>
			<key>children</key>
			<array>
				<string>86EAFC121CB6955400C56FD8</string>
				<string>86EAFC131CB6955400C56FD8</string>
				<string>86A44D311CB658EF0004A558</string>
				<string>86A44D321CB658EF0004A558</string>
			</array>
			<key>isa</key>
			<string>PBXGroup</string>
			<key>path</key>
			<string>UIImageView+AGCInitials</string>
			<key>sourceTree</key>
			<string>&lt;group&gt;</string>
		</dict>
		<key>86A44D311CB658EF0004A558</key>
		<dict>
			<key>fileEncoding</key>
			<string>4</string>
			<key>isa</key>
			<string>PBXFileReference</string>
			<key>lastKnownFileType</key>
			<string>sourcecode.c.h</string>
			<key>path</key>
			<string>UIImageView+AGCInitials.h</string>
			<key>sourceTree</key>
			<string>&lt;group&gt;</string>
		</dict>
		<key>86A44D321CB658EF0004A558</key>
		<dict>
			<key>fileEncoding</key>
			<string>4</string>
			<key>isa</key>
			<string>PBXFileReference</string>
			<key>lastKnownFileType</key>
			<string>sourcecode.c.objc</string>
			<key>path</key>
			<string>UIImageView+AGCInitials.m</string>
			<key>sourceTree</key>
			<string>&lt;group&gt;</string>
		</dict>
		<key>86A44D331CB658EF0004A558</key>
		<dict>
			<key>fileRef</key>
			<string>86A44D321CB658EF0004A558</string>
			<key>isa</key>
			<string>PBXBuildFile</string>
		</dict>
		<key>86C64CA71CBE62C800D6EBEF</key>
		<dict>
			<key>children</key>
			<array>
				<string>86C64CB01CBE6B3100D6EBEF</string>
				<string>86C64CA81CBE62D100D6EBEF</string>
			</array>
			<key>isa</key>
			<string>PBXGroup</string>
			<key>name</key>
			<string>Res</string>
			<key>path</key>
			<string>Res</string>
			<key>sourceTree</key>
			<string>&lt;group&gt;</string>
		</dict>
		<key>86C64CA81CBE62D100D6EBEF</key>
		<dict>
			<key>isa</key>
			<string>PBXFileReference</string>
			<key>lastKnownFileType</key>
			<string>image.png</string>
			<key>path</key>
			<string>AC_systemfont19_purple.png</string>
			<key>sourceTree</key>
			<string>&lt;group&gt;</string>
		</dict>
		<key>86C64CAA1CBE62D100D6EBEF</key>
		<dict>
			<key>fileRef</key>
			<string>86C64CA81CBE62D100D6EBEF</string>
			<key>isa</key>
			<string>PBXBuildFile</string>
		</dict>
		<key>86C64CB01CBE6B3100D6EBEF</key>
		<dict>
			<key>isa</key>
			<string>PBXFileReference</string>
			<key>lastKnownFileType</key>
			<string>image.png</string>
			<key>path</key>
			<string>AC_default.png</string>
			<key>sourceTree</key>
			<string>&lt;group&gt;</string>
		</dict>
		<key>86C64CB11CBE6B3100D6EBEF</key>
		<dict>
			<key>fileRef</key>
			<string>86C64CB01CBE6B3100D6EBEF</string>
			<key>isa</key>
			<string>PBXBuildFile</string>
		</dict>
		<key>86CC655B1CBB8BF200CA9F02</key>
		<dict>
			<key>fileEncoding</key>
			<string>4</string>
			<key>isa</key>
			<string>PBXFileReference</string>
			<key>lastKnownFileType</key>
			<string>sourcecode.c.h</string>
			<key>path</key>
			<string>AGCInitialsExampleTableViewController.h</string>
			<key>sourceTree</key>
			<string>&lt;group&gt;</string>
		</dict>
		<key>86CC655C1CBB8BF200CA9F02</key>
		<dict>
			<key>fileEncoding</key>
			<string>4</string>
			<key>isa</key>
			<string>PBXFileReference</string>
			<key>lastKnownFileType</key>
			<string>sourcecode.c.objc</string>
			<key>path</key>
			<string>AGCInitialsExampleTableViewController.m</string>
			<key>sourceTree</key>
			<string>&lt;group&gt;</string>
		</dict>
		<key>86CC655D1CBB8BF200CA9F02</key>
		<dict>
			<key>fileRef</key>
			<string>86CC655C1CBB8BF200CA9F02</string>
			<key>isa</key>
			<string>PBXBuildFile</string>
		</dict>
		<key>86E012B41CBCEF26004750E4</key>
		<dict>
			<key>fileEncoding</key>
			<string>4</string>
			<key>isa</key>
			<string>PBXFileReference</string>
			<key>lastKnownFileType</key>
			<string>sourcecode.c.h</string>
			<key>path</key>
			<string>AGCPerson.h</string>
			<key>sourceTree</key>
			<string>&lt;group&gt;</string>
		</dict>
		<key>86E012B51CBCEF26004750E4</key>
		<dict>
			<key>fileEncoding</key>
			<string>4</string>
			<key>isa</key>
			<string>PBXFileReference</string>
			<key>lastKnownFileType</key>
			<string>sourcecode.c.objc</string>
			<key>path</key>
			<string>AGCPerson.m</string>
			<key>sourceTree</key>
			<string>&lt;group&gt;</string>
		</dict>
		<key>86E012B61CBCEF26004750E4</key>
		<dict>
			<key>fileRef</key>
			<string>86E012B51CBCEF26004750E4</string>
			<key>isa</key>
			<string>PBXBuildFile</string>
		</dict>
		<key>86EAFC121CB6955400C56FD8</key>
		<dict>
			<key>fileEncoding</key>
			<string>4</string>
			<key>isa</key>
			<string>PBXFileReference</string>
			<key>lastKnownFileType</key>
			<string>sourcecode.c.h</string>
			<key>path</key>
			<string>AGCInitialsColors.h</string>
			<key>sourceTree</key>
			<string>&lt;group&gt;</string>
		</dict>
		<key>86EAFC131CB6955400C56FD8</key>
		<dict>
			<key>fileEncoding</key>
			<string>4</string>
			<key>isa</key>
			<string>PBXFileReference</string>
			<key>lastKnownFileType</key>
			<string>sourcecode.c.objc</string>
			<key>path</key>
			<string>AGCInitialsColors.m</string>
			<key>sourceTree</key>
			<string>&lt;group&gt;</string>
		</dict>
		<key>86EAFC141CB6955400C56FD8</key>
		<dict>
			<key>fileRef</key>
			<string>86EAFC131CB6955400C56FD8</string>
			<key>isa</key>
			<string>PBXBuildFile</string>
		</dict>
		<key>86EAFC151CB6974A00C56FD8</key>
		<dict>
			<key>fileEncoding</key>
			<string>4</string>
			<key>isa</key>
			<string>PBXFileReference</string>
			<key>lastKnownFileType</key>
			<string>sourcecode.c.objc</string>
			<key>path</key>
			<string>AGCInitialsColorsTests.m</string>
			<key>sourceTree</key>
			<string>&lt;group&gt;</string>
		</dict>
		<key>86EAFC161CB6974A00C56FD8</key>
		<dict>
			<key>fileRef</key>
			<string>86EAFC151CB6974A00C56FD8</string>
			<key>isa</key>
			<string>PBXBuildFile</string>
		</dict>
		<key>99D15A3D1FC19E5A3CA280DF</key>
		<dict>
			<key>includeInIndex</key>
			<string>1</string>
			<key>isa</key>
			<string>PBXFileReference</string>
			<key>lastKnownFileType</key>
			<string>text.xcconfig</string>
			<key>name</key>
			<string>Pods-AGCInitialsTests.debug.xcconfig</string>
			<key>path</key>
			<string>Pods/Target Support Files/Pods-AGCInitialsTests/Pods-AGCInitialsTests.debug.xcconfig</string>
			<key>sourceTree</key>
			<string>&lt;group&gt;</string>
		</dict>
		<key>B3BC08CE3949FD27CA4A2CFE</key>
		<dict>
			<key>buildActionMask</key>
			<string>2147483647</string>
			<key>files</key>
			<array/>
			<key>inputPaths</key>
			<array/>
			<key>isa</key>
			<string>PBXShellScriptBuildPhase</string>
			<key>name</key>
			<string>Embed Pods Frameworks</string>
			<key>outputPaths</key>
			<array/>
			<key>runOnlyForDeploymentPostprocessing</key>
			<string>0</string>
			<key>shellPath</key>
			<string>/bin/sh</string>
			<key>shellScript</key>
			<string>"${SRCROOT}/Pods/Target Support Files/Pods-AGCInitialsTests/Pods-AGCInitialsTests-frameworks.sh"
</string>
			<key>showEnvVarsInLog</key>
			<string>0</string>
		</dict>
		<key>DC4521872FAE0C6FF125FBFA</key>
		<dict>
			<key>children</key>
			<array>
				<string>99D15A3D1FC19E5A3CA280DF</string>
				<string>28EAC2CDE97B6712A192B674</string>
			</array>
			<key>isa</key>
			<string>PBXGroup</string>
			<key>name</key>
			<string>Pods</string>
			<key>sourceTree</key>
			<string>&lt;group&gt;</string>
		</dict>
		<key>F2E6346E5FB9CB478C220AD9</key>
		<dict>
			<key>explicitFileType</key>
			<string>archive.ar</string>
			<key>includeInIndex</key>
			<string>0</string>
			<key>isa</key>
			<string>PBXFileReference</string>
			<key>path</key>
			<string>libPods-AGCInitialsTests.a</string>
			<key>sourceTree</key>
			<string>BUILT_PRODUCTS_DIR</string>
		</dict>
	</dict>
	<key>rootObject</key>
	<string>86A44D001CB657BC0004A558</string>
</dict>
</plist>
